
Microsoft Visual Studio Solution File, Format Version 12.00
Project("{FAE04EC0-301F-11D3-BF4B-00C04F79EFBC}") = "PageTurnersWeb", "PageTurnersWeb\PageTurnersWeb.csproj", "{2F527CA2-926D-4D73-A61C-2ABCE04D7BF5}"
EndProject
Project("{FAE04EC0-301F-11D3-BF4B-00C04F79EFBC}") = "DataAccess", "DataAccess\DataAccess.csproj", "{32FC8930-5567-4F90-9107-A17BE183241D}"
EndProject
Project("{FAE04EC0-301F-11D3-BF4B-00C04F79EFBC}") = "PageTurners.Models", "PageTurners.Models\PageTurners.Models.csproj", "{746A3EFD-AFB6-4716-B366-876855BF4CA5}"
EndProject
Project("{FAE04EC0-301F-11D3-BF4B-00C04F79EFBC}") = "Utility", "Utility\Utility.csproj", "{98D261D2-C087-4D3E-892D-456329361919}"
EndProject
Global
	GlobalSection(SolutionConfigurationPlatforms) = preSolution
		Debug|Any CPU = Debug|Any CPU
		Release|Any CPU = Release|Any CPU
	EndGlobalSection
	GlobalSection(ProjectConfigurationPlatforms) = postSolution
		{2F527CA2-926D-4D73-A61C-2ABCE04D7BF5}.Debug|Any CPU.ActiveCfg = Debug|Any CPU
		{2F527CA2-926D-4D73-A61C-2ABCE04D7BF5}.Debug|Any CPU.Build.0 = Debug|Any CPU
		{2F527CA2-926D-4D73-A61C-2ABCE04D7BF5}.Release|Any CPU.ActiveCfg = Release|Any CPU
		{2F527CA2-926D-4D73-A61C-2ABCE04D7BF5}.Release|Any CPU.Build.0 = Release|Any CPU
		{32FC8930-5567-4F90-9107-A17BE183241D}.Debug|Any CPU.ActiveCfg = Debug|Any CPU
		{32FC8930-5567-4F90-9107-A17BE183241D}.Debug|Any CPU.Build.0 = Debug|Any CPU
		{32FC8930-5567-4F90-9107-A17BE183241D}.Release|Any CPU.ActiveCfg = Release|Any CPU
		{32FC8930-5567-4F90-9107-A17BE183241D}.Release|Any CPU.Build.0 = Release|Any CPU
		{746A3EFD-AFB6-4716-B366-876855BF4CA5}.Debug|Any CPU.ActiveCfg = Debug|Any CPU
		{746A3EFD-AFB6-4716-B366-876855BF4CA5}.Debug|Any CPU.Build.0 = Debug|Any CPU
		{746A3EFD-AFB6-4716-B366-876855BF4CA5}.Release|Any CPU.ActiveCfg = Release|Any CPU
		{746A3EFD-AFB6-4716-B366-876855BF4CA5}.Release|Any CPU.Build.0 = Release|Any CPU
		{98D261D2-C087-4D3E-892D-456329361919}.Debug|Any CPU.ActiveCfg = Debug|Any CPU
		{98D261D2-C087-4D3E-892D-456329361919}.Debug|Any CPU.Build.0 = Debug|Any CPU
		{98D261D2-C087-4D3E-892D-456329361919}.Release|Any CPU.ActiveCfg = Release|Any CPU
		{98D261D2-C087-4D3E-892D-456329361919}.Release|Any CPU.Build.0 = Release|Any CPU
	EndGlobalSection
EndGlobal
